// !$*UTF8*$!
{
	archiveVersion = 1;
	classes = {
	};
	objectVersion = 55;
	objects = {

/* Begin PBXBuildFile section */
		B9C855BD285B8E4D000644CD /* AppDelegate.swift in Sources */ = {isa = PBXBuildFile; fileRef = B9C855BC285B8E4D000644CD /* AppDelegate.swift */; };
		B9C855BF285B8E4D000644CD /* SceneDelegate.swift in Sources */ = {isa = PBXBuildFile; fileRef = B9C855BE285B8E4D000644CD /* SceneDelegate.swift */; };
		B9C855C1285B8E4D000644CD /* ViewController.swift in Sources */ = {isa = PBXBuildFile; fileRef = B9C855C0285B8E4D000644CD /* ViewController.swift */; };
		B9C855C4285B8E4D000644CD /* Main.storyboard in Resources */ = {isa = PBXBuildFile; fileRef = B9C855C2285B8E4D000644CD /* Main.storyboard */; };
		B9C855C7285B8E4D000644CD /* SicGenericoSwitch.xcdatamodeld in Sources */ = {isa = PBXBuildFile; fileRef = B9C855C5285B8E4D000644CD /* SicGenericoSwitch.xcdatamodeld */; };
		B9C855C9285B8E4F000644CD /* Assets.xcassets in Resources */ = {isa = PBXBuildFile; fileRef = B9C855C8285B8E4F000644CD /* Assets.xcassets */; };
		B9C855CC285B8E4F000644CD /* LaunchScreen.storyboard in Resources */ = {isa = PBXBuildFile; fileRef = B9C855CA285B8E4F000644CD /* LaunchScreen.storyboard */; };
		B9C855D7285B8E4F000644CD /* SicGenericoSwitchTests.swift in Sources */ = {isa = PBXBuildFile; fileRef = B9C855D6285B8E4F000644CD /* SicGenericoSwitchTests.swift */; };
		B9C855E1285B8E4F000644CD /* SicGenericoSwitchUITests.swift in Sources */ = {isa = PBXBuildFile; fileRef = B9C855E0285B8E4F000644CD /* SicGenericoSwitchUITests.swift */; };
		B9C855E3285B8E4F000644CD /* SicGenericoSwitchUITestsLaunchTests.swift in Sources */ = {isa = PBXBuildFile; fileRef = B9C855E2285B8E4F000644CD /* SicGenericoSwitchUITestsLaunchTests.swift */; };
/* End PBXBuildFile section */

/* Begin PBXContainerItemProxy section */
		B9C855D3285B8E4F000644CD /* PBXContainerItemProxy */ = {
			isa = PBXContainerItemProxy;
			containerPortal = B9C855B1285B8E4D000644CD /* Project object */;
			proxyType = 1;
			remoteGlobalIDString = B9C855B8285B8E4D000644CD;
			remoteInfo = SicGenericoSwitch;
		};
		B9C855DD285B8E4F000644CD /* PBXContainerItemProxy */ = {
			isa = PBXContainerItemProxy;
			containerPortal = B9C855B1285B8E4D000644CD /* Project object */;
			proxyType = 1;
			remoteGlobalIDString = B9C855B8285B8E4D000644CD;
			remoteInfo = SicGenericoSwitch;
		};
/* End PBXContainerItemProxy section */

/* Begin PBXFileReference section */
		B9C855B9285B8E4D000644CD /* SicGenericoSwitch.app */ = {isa = PBXFileReference; explicitFileType = wrapper.application; includeInIndex = 0; path = SicGenericoSwitch.app; sourceTree = BUILT_PRODUCTS_DIR; };
		B9C855BC285B8E4D000644CD /* AppDelegate.swift */ = {isa = PBXFileReference; lastKnownFileType = sourcecode.swift; path = AppDelegate.swift; sourceTree = "<group>"; };
		B9C855BE285B8E4D000644CD /* SceneDelegate.swift */ = {isa = PBXFileReference; lastKnownFileType = sourcecode.swift; path = SceneDelegate.swift; sourceTree = "<group>"; };
		B9C855C0285B8E4D000644CD /* ViewController.swift */ = {isa = PBXFileReference; lastKnownFileType = sourcecode.swift; path = ViewController.swift; sourceTree = "<group>"; };
		B9C855C3285B8E4D000644CD /* Base */ = {isa = PBXFileReference; lastKnownFileType = file.storyboard; name = Base; path = Base.lproj/Main.storyboard; sourceTree = "<group>"; };
		B9C855C6285B8E4D000644CD /* SicGenericoSwitch.xcdatamodel */ = {isa = PBXFileReference; lastKnownFileType = wrapper.xcdatamodel; path = SicGenericoSwitch.xcdatamodel; sourceTree = "<group>"; };
		B9C855C8285B8E4F000644CD /* Assets.xcassets */ = {isa = PBXFileReference; lastKnownFileType = folder.assetcatalog; path = Assets.xcassets; sourceTree = "<group>"; };
		B9C855CB285B8E4F000644CD /* Base */ = {isa = PBXFileReference; lastKnownFileType = file.storyboard; name = Base; path = Base.lproj/LaunchScreen.storyboard; sourceTree = "<group>"; };
		B9C855CD285B8E4F000644CD /* Info.plist */ = {isa = PBXFileReference; lastKnownFileType = text.plist.xml; path = Info.plist; sourceTree = "<group>"; };
		B9C855D2285B8E4F000644CD /* SicGenericoSwitchTests.xctest */ = {isa = PBXFileReference; explicitFileType = wrapper.cfbundle; includeInIndex = 0; path = SicGenericoSwitchTests.xctest; sourceTree = BUILT_PRODUCTS_DIR; };
		B9C855D6285B8E4F000644CD /* SicGenericoSwitchTests.swift */ = {isa = PBXFileReference; lastKnownFileType = sourcecode.swift; path = SicGenericoSwitchTests.swift; sourceTree = "<group>"; };
		B9C855DC285B8E4F000644CD /* SicGenericoSwitchUITests.xctest */ = {isa = PBXFileReference; explicitFileType = wrapper.cfbundle; includeInIndex = 0; path = SicGenericoSwitchUITests.xctest; sourceTree = BUILT_PRODUCTS_DIR; };
		B9C855E0285B8E4F000644CD /* SicGenericoSwitchUITests.swift */ = {isa = PBXFileReference; lastKnownFileType = sourcecode.swift; path = SicGenericoSwitchUITests.swift; sourceTree = "<group>"; };
		B9C855E2285B8E4F000644CD /* SicGenericoSwitchUITestsLaunchTests.swift */ = {isa = PBXFileReference; lastKnownFileType = sourcecode.swift; path = SicGenericoSwitchUITestsLaunchTests.swift; sourceTree = "<group>"; };
/* End PBXFileReference section */

/* Begin PBXFrameworksBuildPhase section */
		B9C855B6285B8E4D000644CD /* Frameworks */ = {
			isa = PBXFrameworksBuildPhase;
			buildActionMask = 2147483647;
			files = (
			);
			runOnlyForDeploymentPostprocessing = 0;
		};
		B9C855CF285B8E4F000644CD /* Frameworks */ = {
			isa = PBXFrameworksBuildPhase;
			buildActionMask = 2147483647;
			files = (
			);
			runOnlyForDeploymentPostprocessing = 0;
		};
		B9C855D9285B8E4F000644CD /* Frameworks */ = {
			isa = PBXFrameworksBuildPhase;
			buildActionMask = 2147483647;
			files = (
			);
			runOnlyForDeploymentPostprocessing = 0;
		};
/* End PBXFrameworksBuildPhase section */

/* Begin PBXGroup section */
		B9C855B0285B8E4D000644CD = {
			isa = PBXGroup;
			children = (
				B9C855BB285B8E4D000644CD /* SicGenericoSwitch */,
				B9C855D5285B8E4F000644CD /* SicGenericoSwitchTests */,
				B9C855DF285B8E4F000644CD /* SicGenericoSwitchUITests */,
				B9C855BA285B8E4D000644CD /* Products */,
			);
			sourceTree = "<group>";
		};
		B9C855BA285B8E4D000644CD /* Products */ = {
			isa = PBXGroup;
			children = (
				B9C855B9285B8E4D000644CD /* SicGenericoSwitch.app */,
				B9C855D2285B8E4F000644CD /* SicGenericoSwitchTests.xctest */,
				B9C855DC285B8E4F000644CD /* SicGenericoSwitchUITests.xctest */,
			);
			name = Products;
			sourceTree = "<group>";
		};
		B9C855BB285B8E4D000644CD /* SicGenericoSwitch */ = {
			isa = PBXGroup;
			children = (
				B9C855BC285B8E4D000644CD /* AppDelegate.swift */,
				B9C855BE285B8E4D000644CD /* SceneDelegate.swift */,
				B9C855C0285B8E4D000644CD /* ViewController.swift */,
				B9C855C2285B8E4D000644CD /* Main.storyboard */,
				B9C855C8285B8E4F000644CD /* Assets.xcassets */,
				B9C855CA285B8E4F000644CD /* LaunchScreen.storyboard */,
				B9C855CD285B8E4F000644CD /* Info.plist */,
				B9C855C5285B8E4D000644CD /* SicGenericoSwitch.xcdatamodeld */,
			);
			path = SicGenericoSwitch;
			sourceTree = "<group>";
		};
		B9C855D5285B8E4F000644CD /* SicGenericoSwitchTests */ = {
			isa = PBXGroup;
			children = (
				B9C855D6285B8E4F000644CD /* SicGenericoSwitchTests.swift */,
			);
			path = SicGenericoSwitchTests;
			sourceTree = "<group>";
		};
		B9C855DF285B8E4F000644CD /* SicGenericoSwitchUITests */ = {
			isa = PBXGroup;
			children = (
				B9C855E0285B8E4F000644CD /* SicGenericoSwitchUITests.swift */,
				B9C855E2285B8E4F000644CD /* SicGenericoSwitchUITestsLaunchTests.swift */,
			);
			path = SicGenericoSwitchUITests;
			sourceTree = "<group>";
		};
/* End PBXGroup section */

/* Begin PBXNativeTarget section */
		B9C855B8285B8E4D000644CD /* SicGenericoSwitch */ = {
			isa = PBXNativeTarget;
			buildConfigurationList = B9C855E6285B8E4F000644CD /* Build configuration list for PBXNativeTarget "SicGenericoSwitch" */;
			buildPhases = (
				B9C855B5285B8E4D000644CD /* Sources */,
				B9C855B6285B8E4D000644CD /* Frameworks */,
				B9C855B7285B8E4D000644CD /* Resources */,
			);
			buildRules = (
			);
			dependencies = (
			);
			name = SicGenericoSwitch;
			productName = SicGenericoSwitch;
			productReference = B9C855B9285B8E4D000644CD /* SicGenericoSwitch.app */;
			productType = "com.apple.product-type.application";
		};
		B9C855D1285B8E4F000644CD /* SicGenericoSwitchTests */ = {
			isa = PBXNativeTarget;
			buildConfigurationList = B9C855E9285B8E4F000644CD /* Build configuration list for PBXNativeTarget "SicGenericoSwitchTests" */;
			buildPhases = (
				B9C855CE285B8E4F000644CD /* Sources */,
				B9C855CF285B8E4F000644CD /* Frameworks */,
				B9C855D0285B8E4F000644CD /* Resources */,
			);
			buildRules = (
			);
			dependencies = (
				B9C855D4285B8E4F000644CD /* PBXTargetDependency */,
			);
			name = SicGenericoSwitchTests;
			productName = SicGenericoSwitchTests;
			productReference = B9C855D2285B8E4F000644CD /* SicGenericoSwitchTests.xctest */;
			productType = "com.apple.product-type.bundle.unit-test";
		};
		B9C855DB285B8E4F000644CD /* SicGenericoSwitchUITests */ = {
			isa = PBXNativeTarget;
			buildConfigurationList = B9C855EC285B8E4F000644CD /* Build configuration list for PBXNativeTarget "SicGenericoSwitchUITests" */;
			buildPhases = (
				B9C855D8285B8E4F000644CD /* Sources */,
				B9C855D9285B8E4F000644CD /* Frameworks */,
				B9C855DA285B8E4F000644CD /* Resources */,
			);
			buildRules = (
			);
			dependencies = (
				B9C855DE285B8E4F000644CD /* PBXTargetDependency */,
			);
			name = SicGenericoSwitchUITests;
			productName = SicGenericoSwitchUITests;
			productReference = B9C855DC285B8E4F000644CD /* SicGenericoSwitchUITests.xctest */;
			productType = "com.apple.product-type.bundle.ui-testing";
		};
/* End PBXNativeTarget section */

/* Begin PBXProject section */
		B9C855B1285B8E4D000644CD /* Project object */ = {
			isa = PBXProject;
			attributes = {
				BuildIndependentTargetsInParallel = 1;
				LastSwiftUpdateCheck = 1320;
				LastUpgradeCheck = 1320;
				TargetAttributes = {
					B9C855B8285B8E4D000644CD = {
						CreatedOnToolsVersion = 13.2.1;
					};
					B9C855D1285B8E4F000644CD = {
						CreatedOnToolsVersion = 13.2.1;
						TestTargetID = B9C855B8285B8E4D000644CD;
					};
					B9C855DB285B8E4F000644CD = {
						CreatedOnToolsVersion = 13.2.1;
						TestTargetID = B9C855B8285B8E4D000644CD;
					};
				};
			};
			buildConfigurationList = B9C855B4285B8E4D000644CD /* Build configuration list for PBXProject "SicGenericoSwitch" */;
			compatibilityVersion = "Xcode 13.0";
			developmentRegion = en;
			hasScannedForEncodings = 0;
			knownRegions = (
				en,
				Base,
			);
			mainGroup = B9C855B0285B8E4D000644CD;
			productRefGroup = B9C855BA285B8E4D000644CD /* Products */;
			projectDirPath = "";
			projectRoot = "";
			targets = (
				B9C855B8285B8E4D000644CD /* SicGenericoSwitch */,
				B9C855D1285B8E4F000644CD /* SicGenericoSwitchTests */,
				B9C855DB285B8E4F000644CD /* SicGenericoSwitchUITests */,
			);
		};
/* End PBXProject section */

/* Begin PBXResourcesBuildPhase section */
		B9C855B7285B8E4D000644CD /* Resources */ = {
			isa = PBXResourcesBuildPhase;
			buildActionMask = 2147483647;
			files = (
				B9C855CC285B8E4F000644CD /* LaunchScreen.storyboard in Resources */,
				B9C855C9285B8E4F000644CD /* Assets.xcassets in Resources */,
				B9C855C4285B8E4D000644CD /* Main.storyboard in Resources */,
			);
			runOnlyForDeploymentPostprocessing = 0;
		};
		B9C855D0285B8E4F000644CD /* Resources */ = {
			isa = PBXResourcesBuildPhase;
			buildActionMask = 2147483647;
			files = (
			);
			runOnlyForDeploymentPostprocessing = 0;
		};
		B9C855DA285B8E4F000644CD /* Resources */ = {
			isa = PBXResourcesBuildPhase;
			buildActionMask = 2147483647;
			files = (
			);
			runOnlyForDeploymentPostprocessing = 0;
		};
/* End PBXResourcesBuildPhase section */

/* Begin PBXSourcesBuildPhase section */
		B9C855B5285B8E4D000644CD /* Sources */ = {
			isa = PBXSourcesBuildPhase;
			buildActionMask = 2147483647;
			files = (
				B9C855C1285B8E4D000644CD /* ViewController.swift in Sources */,
				B9C855BD285B8E4D000644CD /* AppDelegate.swift in Sources */,
				B9C855BF285B8E4D000644CD /* SceneDelegate.swift in Sources */,
				B9C855C7285B8E4D000644CD /* SicGenericoSwitch.xcdatamodeld in Sources */,
			);
			runOnlyForDeploymentPostprocessing = 0;
		};
		B9C855CE285B8E4F000644CD /* Sources */ = {
			isa = PBXSourcesBuildPhase;
			buildActionMask = 2147483647;
			files = (
				B9C855D7285B8E4F000644CD /* SicGenericoSwitchTests.swift in Sources */,
			);
			runOnlyForDeploymentPostprocessing = 0;
		};
		B9C855D8285B8E4F000644CD /* Sources */ = {
			isa = PBXSourcesBuildPhase;
			buildActionMask = 2147483647;
			files = (
				B9C855E3285B8E4F000644CD /* SicGenericoSwitchUITestsLaunchTests.swift in Sources */,
				B9C855E1285B8E4F000644CD /* SicGenericoSwitchUITests.swift in Sources */,
			);
			runOnlyForDeploymentPostprocessing = 0;
		};
/* End PBXSourcesBuildPhase section */

/* Begin PBXTargetDependency section */
		B9C855D4285B8E4F000644CD /* PBXTargetDependency */ = {
			isa = PBXTargetDependency;
			target = B9C855B8285B8E4D000644CD /* SicGenericoSwitch */;
			targetProxy = B9C855D3285B8E4F000644CD /* PBXContainerItemProxy */;
		};
		B9C855DE285B8E4F000644CD /* PBXTargetDependency */ = {
			isa = PBXTargetDependency;
			target = B9C855B8285B8E4D000644CD /* SicGenericoSwitch */;
			targetProxy = B9C855DD285B8E4F000644CD /* PBXContainerItemProxy */;
		};
/* End PBXTargetDependency section */

/* Begin PBXVariantGroup section */
		B9C855C2285B8E4D000644CD /* Main.storyboard */ = {
			isa = PBXVariantGroup;
			children = (
				B9C855C3285B8E4D000644CD /* Base */,
			);
			name = Main.storyboard;
			sourceTree = "<group>";
		};
		B9C855CA285B8E4F000644CD /* LaunchScreen.storyboard */ = {
			isa = PBXVariantGroup;
			children = (
				B9C855CB285B8E4F000644CD /* Base */,
			);
			name = LaunchScreen.storyboard;
			sourceTree = "<group>";
		};
/* End PBXVariantGroup section */

/* Begin XCBuildConfiguration section */
		B9C855E4285B8E4F000644CD /* Debug */ = {
			isa = XCBuildConfiguration;
			buildSettings = {
				ALWAYS_SEARCH_USER_PATHS = NO;
				CLANG_ANALYZER_NONNULL = YES;
				CLANG_ANALYZER_NUMBER_OBJECT_CONVERSION = YES_AGGRESSIVE;
				CLANG_CXX_LANGUAGE_STANDARD = "gnu++17";
				CLANG_CXX_LIBRARY = "libc++";
				CLANG_ENABLE_MODULES = YES;
				CLANG_ENABLE_OBJC_ARC = YES;
				CLANG_ENABLE_OBJC_WEAK = YES;
				CLANG_WARN_BLOCK_CAPTURE_AUTORELEASING = YES;
				CLANG_WARN_BOOL_CONVERSION = YES;
				CLANG_WARN_COMMA = YES;
				CLANG_WARN_CONSTANT_CONVERSION = YES;
				CLANG_WARN_DEPRECATED_OBJC_IMPLEMENTATIONS = YES;
				CLANG_WARN_DIRECT_OBJC_ISA_USAGE = YES_ERROR;
				CLANG_WARN_DOCUMENTATION_COMMENTS = YES;
				CLANG_WARN_EMPTY_BODY = YES;
				CLANG_WARN_ENUM_CONVERSION = YES;
				CLANG_WARN_INFINITE_RECURSION = YES;
				CLANG_WARN_INT_CONVERSION = YES;
				CLANG_WARN_NON_LITERAL_NULL_CONVERSION = YES;
				CLANG_WARN_OBJC_IMPLICIT_RETAIN_SELF = YES;
				CLANG_WARN_OBJC_LITERAL_CONVERSION = YES;
				CLANG_WARN_OBJC_ROOT_CLASS = YES_ERROR;
				CLANG_WARN_QUOTED_INCLUDE_IN_FRAMEWORK_HEADER = YES;
				CLANG_WARN_RANGE_LOOP_ANALYSIS = YES;
				CLANG_WARN_STRICT_PROTOTYPES = YES;
				CLANG_WARN_SUSPICIOUS_MOVE = YES;
				CLANG_WARN_UNGUARDED_AVAILABILITY = YES_AGGRESSIVE;
				CLANG_WARN_UNREACHABLE_CODE = YES;
				CLANG_WARN__DUPLICATE_METHOD_MATCH = YES;
				COPY_PHASE_STRIP = NO;
				DEBUG_INFORMATION_FORMAT = dwarf;
				ENABLE_STRICT_OBJC_MSGSEND = YES;
				ENABLE_TESTABILITY = YES;
				GCC_C_LANGUAGE_STANDARD = gnu11;
				GCC_DYNAMIC_NO_PIC = NO;
				GCC_NO_COMMON_BLOCKS = YES;
				GCC_OPTIMIZATION_LEVEL = 0;
				GCC_PREPROCESSOR_DEFINITIONS = (
					"DEBUG=1",
					"$(inherited)",
				);
				GCC_WARN_64_TO_32_BIT_CONVERSION = YES;
				GCC_WARN_ABOUT_RETURN_TYPE = YES_ERROR;
				GCC_WARN_UNDECLARED_SELECTOR = YES;
				GCC_WARN_UNINITIALIZED_AUTOS = YES_AGGRESSIVE;
				GCC_WARN_UNUSED_FUNCTION = YES;
				GCC_WARN_UNUSED_VARIABLE = YES;
				IPHONEOS_DEPLOYMENT_TARGET = 15.2;
				MTL_ENABLE_DEBUG_INFO = INCLUDE_SOURCE;
				MTL_FAST_MATH = YES;
				ONLY_ACTIVE_ARCH = YES;
				SDKROOT = iphoneos;
				SWIFT_ACTIVE_COMPILATION_CONDITIONS = DEBUG;
				SWIFT_OPTIMIZATION_LEVEL = "-Onone";
			};
			name = Debug;
		};
		B9C855E5285B8E4F000644CD /* Release */ = {
			isa = XCBuildConfiguration;
			buildSettings = {
				ALWAYS_SEARCH_USER_PATHS = NO;
				CLANG_ANALYZER_NONNULL = YES;
				CLANG_ANALYZER_NUMBER_OBJECT_CONVERSION = YES_AGGRESSIVE;
				CLANG_CXX_LANGUAGE_STANDARD = "gnu++17";
				CLANG_CXX_LIBRARY = "libc++";
				CLANG_ENABLE_MODULES = YES;
				CLANG_ENABLE_OBJC_ARC = YES;
				CLANG_ENABLE_OBJC_WEAK = YES;
				CLANG_WARN_BLOCK_CAPTURE_AUTORELEASING = YES;
				CLANG_WARN_BOOL_CONVERSION = YES;
				CLANG_WARN_COMMA = YES;
				CLANG_WARN_CONSTANT_CONVERSION = YES;
				CLANG_WARN_DEPRECATED_OBJC_IMPLEMENTATIONS = YES;
				CLANG_WARN_DIRECT_OBJC_ISA_USAGE = YES_ERROR;
				CLANG_WARN_DOCUMENTATION_COMMENTS = YES;
				CLANG_WARN_EMPTY_BODY = YES;
				CLANG_WARN_ENUM_CONVERSION = YES;
				CLANG_WARN_INFINITE_RECURSION = YES;
				CLANG_WARN_INT_CONVERSION = YES;
				CLANG_WARN_NON_LITERAL_NULL_CONVERSION = YES;
				CLANG_WARN_OBJC_IMPLICIT_RETAIN_SELF = YES;
				CLANG_WARN_OBJC_LITERAL_CONVERSION = YES;
				CLANG_WARN_OBJC_ROOT_CLASS = YES_ERROR;
				CLANG_WARN_QUOTED_INCLUDE_IN_FRAMEWORK_HEADER = YES;
				CLANG_WARN_RANGE_LOOP_ANALYSIS = YES;
				CLANG_WARN_STRICT_PROTOTYPES = YES;
				CLANG_WARN_SUSPICIOUS_MOVE = YES;
				CLANG_WARN_UNGUARDED_AVAILABILITY = YES_AGGRESSIVE;
				CLANG_WARN_UNREACHABLE_CODE = YES;
				CLANG_WARN__DUPLICATE_METHOD_MATCH = YES;
				COPY_PHASE_STRIP = NO;
				DEBUG_INFORMATION_FORMAT = "dwarf-with-dsym";
				ENABLE_NS_ASSERTIONS = NO;
				ENABLE_STRICT_OBJC_MSGSEND = YES;
				GCC_C_LANGUAGE_STANDARD = gnu11;
				GCC_NO_COMMON_BLOCKS = YES;
				GCC_WARN_64_TO_32_BIT_CONVERSION = YES;
				GCC_WARN_ABOUT_RETURN_TYPE = YES_ERROR;
				GCC_WARN_UNDECLARED_SELECTOR = YES;
				GCC_WARN_UNINITIALIZED_AUTOS = YES_AGGRESSIVE;
				GCC_WARN_UNUSED_FUNCTION = YES;
				GCC_WARN_UNUSED_VARIABLE = YES;
				IPHONEOS_DEPLOYMENT_TARGET = 15.2;
				MTL_ENABLE_DEBUG_INFO = NO;
				MTL_FAST_MATH = YES;
				SDKROOT = iphoneos;
				SWIFT_COMPILATION_MODE = wholemodule;
				SWIFT_OPTIMIZATION_LEVEL = "-O";
				VALIDATE_PRODUCT = YES;
			};
			name = Release;
		};
		B9C855E7285B8E4F000644CD /* Debug */ = {
			isa = XCBuildConfiguration;
			buildSettings = {
				ASSETCATALOG_COMPILER_APPICON_NAME = AppIcon;
				ASSETCATALOG_COMPILER_GLOBAL_ACCENT_COLOR_NAME = AccentColor;
				CODE_SIGN_STYLE = Automatic;
				CURRENT_PROJECT_VERSION = 1;
				GENERATE_INFOPLIST_FILE = YES;
				INFOPLIST_FILE = SicGenericoSwitch/Info.plist;
				INFOPLIST_KEY_UIApplicationSupportsIndirectInputEvents = YES;
				INFOPLIST_KEY_UILaunchStoryboardName = LaunchScreen;
				INFOPLIST_KEY_UIMainStoryboardFile = Main;
				INFOPLIST_KEY_UISupportedInterfaceOrientations_iPad = "UIInterfaceOrientationPortrait UIInterfaceOrientationPortraitUpsideDown UIInterfaceOrientationLandscapeLeft UIInterfaceOrientationLandscapeRight";
				INFOPLIST_KEY_UISupportedInterfaceOrientations_iPhone = "UIInterfaceOrientationPortrait UIInterfaceOrientationLandscapeLeft UIInterfaceOrientationLandscapeRight";
				LD_RUNPATH_SEARCH_PATHS = (
					"$(inherited)",
					"@executable_path/Frameworks",
				);
				MARKETING_VERSION = 1.0;
				PRODUCT_BUNDLE_IDENTIFIER = MAC.SicGenericoSwitch;
				PRODUCT_NAME = "$(TARGET_NAME)";
				SWIFT_EMIT_LOC_STRINGS = YES;
				SWIFT_VERSION = 5.0;
				TARGETED_DEVICE_FAMILY = "1,2";
			};
			name = Debug;
		};
		B9C855E8285B8E4F000644CD /* Release */ = {
			isa = XCBuildConfiguration;
			buildSettings = {
				ASSETCATALOG_COMPILER_APPICON_NAME = AppIcon;
				ASSETCATALOG_COMPILER_GLOBAL_ACCENT_COLOR_NAME = AccentColor;
				CODE_SIGN_STYLE = Automatic;
				CURRENT_PROJECT_VERSION = 1;
				GENERATE_INFOPLIST_FILE = YES;
				INFOPLIST_FILE = SicGenericoSwitch/Info.plist;
				INFOPLIST_KEY_UIApplicationSupportsIndirectInputEvents = YES;
				INFOPLIST_KEY_UILaunchStoryboardName = LaunchScreen;
				INFOPLIST_KEY_UIMainStoryboardFile = Main;
				INFOPLIST_KEY_UISupportedInterfaceOrientations_iPad = "UIInterfaceOrientationPortrait UIInterfaceOrientationPortraitUpsideDown UIInterfaceOrientationLandscapeLeft UIInterfaceOrientationLandscapeRight";
				INFOPLIST_KEY_UISupportedInterfaceOrientations_iPhone = "UIInterfaceOrientationPortrait UIInterfaceOrientationLandscapeLeft UIInterfaceOrientationLandscapeRight";
				LD_RUNPATH_SEARCH_PATHS = (
					"$(inherited)",
					"@executable_path/Frameworks",
				);
				MARKETING_VERSION = 1.0;
				PRODUCT_BUNDLE_IDENTIFIER = MAC.SicGenericoSwitch;
				PRODUCT_NAME = "$(TARGET_NAME)";
				SWIFT_EMIT_LOC_STRINGS = YES;
				SWIFT_VERSION = 5.0;
				TARGETED_DEVICE_FAMILY = "1,2";
			};
			name = Release;
		};
		B9C855EA285B8E4F000644CD /* Debug */ = {
			isa = XCBuildConfiguration;
			buildSettings = {
				ALWAYS_EMBED_SWIFT_STANDARD_LIBRARIES = YES;
				BUNDLE_LOADER = "$(TEST_HOST)";
				CODE_SIGN_STYLE = Automatic;
				CURRENT_PROJECT_VERSION = 1;
				GENERATE_INFOPLIST_FILE = YES;
				IPHONEOS_DEPLOYMENT_TARGET = 15.2;
				MARKETING_VERSION = 1.0;
				PRODUCT_BUNDLE_IDENTIFIER = MAC.SicGenericoSwitchTests;
				PRODUCT_NAME = "$(TARGET_NAME)";
				SWIFT_EMIT_LOC_STRINGS = NO;
				SWIFT_VERSION = 5.0;
				TARGETED_DEVICE_FAMILY = "1,2";
				TEST_HOST = "$(BUILT_PRODUCTS_DIR)/SicGenericoSwitch.app/SicGenericoSwitch";
			};
			name = Debug;
		};
		B9C855EB285B8E4F000644CD /* Release */ = {
			isa = XCBuildConfiguration;
			buildSettings = {
				ALWAYS_EMBED_SWIFT_STANDARD_LIBRARIES = YES;
				BUNDLE_LOADER = "$(TEST_HOST)";
				CODE_SIGN_STYLE = Automatic;
				CURRENT_PROJECT_VERSION = 1;
				GENERATE_INFOPLIST_FILE = YES;
				IPHONEOS_DEPLOYMENT_TARGET = 15.2;
				MARKETING_VERSION = 1.0;
				PRODUCT_BUNDLE_IDENTIFIER = MAC.SicGenericoSwitchTests;
				PRODUCT_NAME = "$(TARGET_NAME)";
				SWIFT_EMIT_LOC_STRINGS = NO;
				SWIFT_VERSION = 5.0;
				TARGETED_DEVICE_FAMILY = "1,2";
				TEST_HOST = "$(BUILT_PRODUCTS_DIR)/SicGenericoSwitch.app/SicGenericoSwitch";
			};
			name = Release;
		};
		B9C855ED285B8E4F000644CD /* Debug */ = {
			isa = XCBuildConfiguration;
			buildSettings = {
				ALWAYS_EMBED_SWIFT_STANDARD_LIBRARIES = YES;
				CODE_SIGN_STYLE = Automatic;
				CURRENT_PROJECT_VERSION = 1;
				GENERATE_INFOPLIST_FILE = YES;
				MARKETING_VERSION = 1.0;
				PRODUCT_BUNDLE_IDENTIFIER = MAC.SicGenericoSwitchUITests;
				PRODUCT_NAME = "$(TARGET_NAME)";
				SWIFT_EMIT_LOC_STRINGS = NO;
				SWIFT_VERSION = 5.0;
				TARGETED_DEVICE_FAMILY = "1,2";
				TEST_TARGET_NAME = SicGenericoSwitch;
			};
			name = Debug;
		};
		B9C855EE285B8E4F000644CD /* Release */ = {
			isa = XCBuildConfiguration;
			buildSettings = {
				ALWAYS_EMBED_SWIFT_STANDARD_LIBRARIES = YES;
				CODE_SIGN_STYLE = Automatic;
				CURRENT_PROJECT_VERSION = 1;
				GENERATE_INFOPLIST_FILE = YES;
				MARKETING_VERSION = 1.0;
				PRODUCT_BUNDLE_IDENTIFIER = MAC.SicGenericoSwitchUITests;
				PRODUCT_NAME = "$(TARGET_NAME)";
				SWIFT_EMIT_LOC_STRINGS = NO;
				SWIFT_VERSION = 5.0;
				TARGETED_DEVICE_FAMILY = "1,2";
				TEST_TARGET_NAME = SicGenericoSwitch;
			};
			name = Release;
		};
/* End XCBuildConfiguration section */

/* Begin XCConfigurationList section */
		B9C855B4285B8E4D000644CD /* Build configuration list for PBXProject "SicGenericoSwitch" */ = {
			isa = XCConfigurationList;
			buildConfigurations = (
				B9C855E4285B8E4F000644CD /* Debug */,
				B9C855E5285B8E4F000644CD /* Release */,
			);
			defaultConfigurationIsVisible = 0;
			defaultConfigurationName = Release;
		};
		B9C855E6285B8E4F000644CD /* Build configuration list for PBXNativeTarget "SicGenericoSwitch" */ = {
			isa = XCConfigurationList;
			buildConfigurations = (
				B9C855E7285B8E4F000644CD /* Debug */,
				B9C855E8285B8E4F000644CD /* Release */,
			);
			defaultConfigurationIsVisible = 0;
			defaultConfigurationName = Release;
		};
		B9C855E9285B8E4F000644CD /* Build configuration list for PBXNativeTarget "SicGenericoSwitchTests" */ = {
			isa = XCConfigurationList;
			buildConfigurations = (
				B9C855EA285B8E4F000644CD /* Debug */,
				B9C855EB285B8E4F000644CD /* Release */,
			);
			defaultConfigurationIsVisible = 0;
			defaultConfigurationName = Release;
		};
		B9C855EC285B8E4F000644CD /* Build configuration list for PBXNativeTarget "SicGenericoSwitchUITests" */ = {
			isa = XCConfigurationList;
			buildConfigurations = (
				B9C855ED285B8E4F000644CD /* Debug */,
				B9C855EE285B8E4F000644CD /* Release */,
			);
			defaultConfigurationIsVisible = 0;
			defaultConfigurationName = Release;
		};
/* End XCConfigurationList section */

/* Begin XCVersionGroup section */
		B9C855C5285B8E4D000644CD /* SicGenericoSwitch.xcdatamodeld */ = {
			isa = XCVersionGroup;
			children = (
				B9C855C6285B8E4D000644CD /* SicGenericoSwitch.xcdatamodel */,
			);
			currentVersion = B9C855C6285B8E4D000644CD /* SicGenericoSwitch.xcdatamodel */;
			path = SicGenericoSwitch.xcdatamodeld;
			sourceTree = "<group>";
			versionGroupType = wrapper.xcdatamodel;
		};
/* End XCVersionGroup section */
	};
	rootObject = B9C855B1285B8E4D000644CD /* Project object */;
}
