// !$*UTF8*$!
{
	archiveVersion = 1;
	classes = {
	};
	objectVersion = 55;
	objects = {

/* Begin PBXBuildFile section */
		B98EDEB9285CDE9D00903646 /* AppDelegate.swift in Sources */ = {isa = PBXBuildFile; fileRef = B98EDEB8285CDE9D00903646 /* AppDelegate.swift */; };
		B98EDEBB285CDE9D00903646 /* SceneDelegate.swift in Sources */ = {isa = PBXBuildFile; fileRef = B98EDEBA285CDE9D00903646 /* SceneDelegate.swift */; };
		B98EDEBD285CDE9D00903646 /* ViewController.swift in Sources */ = {isa = PBXBuildFile; fileRef = B98EDEBC285CDE9D00903646 /* ViewController.swift */; };
		B98EDEC0285CDE9D00903646 /* Main.storyboard in Resources */ = {isa = PBXBuildFile; fileRef = B98EDEBE285CDE9D00903646 /* Main.storyboard */; };
		B98EDEC3285CDE9D00903646 /* AutoLayout.xcdatamodeld in Sources */ = {isa = PBXBuildFile; fileRef = B98EDEC1285CDE9D00903646 /* AutoLayout.xcdatamodeld */; };
		B98EDEC5285CDE9F00903646 /* Assets.xcassets in Resources */ = {isa = PBXBuildFile; fileRef = B98EDEC4285CDE9F00903646 /* Assets.xcassets */; };
		B98EDEC8285CDE9F00903646 /* LaunchScreen.storyboard in Resources */ = {isa = PBXBuildFile; fileRef = B98EDEC6285CDE9F00903646 /* LaunchScreen.storyboard */; };
		B98EDED3285CDE9F00903646 /* AutoLayoutTests.swift in Sources */ = {isa = PBXBuildFile; fileRef = B98EDED2285CDE9F00903646 /* AutoLayoutTests.swift */; };
		B98EDEDD285CDE9F00903646 /* AutoLayoutUITests.swift in Sources */ = {isa = PBXBuildFile; fileRef = B98EDEDC285CDE9F00903646 /* AutoLayoutUITests.swift */; };
		B98EDEDF285CDE9F00903646 /* AutoLayoutUITestsLaunchTests.swift in Sources */ = {isa = PBXBuildFile; fileRef = B98EDEDE285CDE9F00903646 /* AutoLayoutUITestsLaunchTests.swift */; };
/* End PBXBuildFile section */

/* Begin PBXContainerItemProxy section */
		B98EDECF285CDE9F00903646 /* PBXContainerItemProxy */ = {
			isa = PBXContainerItemProxy;
			containerPortal = B98EDEAD285CDE9D00903646 /* Project object */;
			proxyType = 1;
			remoteGlobalIDString = B98EDEB4285CDE9D00903646;
			remoteInfo = AutoLayout;
		};
		B98EDED9285CDE9F00903646 /* PBXContainerItemProxy */ = {
			isa = PBXContainerItemProxy;
			containerPortal = B98EDEAD285CDE9D00903646 /* Project object */;
			proxyType = 1;
			remoteGlobalIDString = B98EDEB4285CDE9D00903646;
			remoteInfo = AutoLayout;
		};
/* End PBXContainerItemProxy section */

/* Begin PBXFileReference section */
		B98EDEB5285CDE9D00903646 /* AutoLayout.app */ = {isa = PBXFileReference; explicitFileType = wrapper.application; includeInIndex = 0; path = AutoLayout.app; sourceTree = BUILT_PRODUCTS_DIR; };
		B98EDEB8285CDE9D00903646 /* AppDelegate.swift */ = {isa = PBXFileReference; lastKnownFileType = sourcecode.swift; path = AppDelegate.swift; sourceTree = "<group>"; };
		B98EDEBA285CDE9D00903646 /* SceneDelegate.swift */ = {isa = PBXFileReference; lastKnownFileType = sourcecode.swift; path = SceneDelegate.swift; sourceTree = "<group>"; };
		B98EDEBC285CDE9D00903646 /* ViewController.swift */ = {isa = PBXFileReference; lastKnownFileType = sourcecode.swift; path = ViewController.swift; sourceTree = "<group>"; };
		B98EDEBF285CDE9D00903646 /* Base */ = {isa = PBXFileReference; lastKnownFileType = file.storyboard; name = Base; path = Base.lproj/Main.storyboard; sourceTree = "<group>"; };
		B98EDEC2285CDE9D00903646 /* AutoLayout.xcdatamodel */ = {isa = PBXFileReference; lastKnownFileType = wrapper.xcdatamodel; path = AutoLayout.xcdatamodel; sourceTree = "<group>"; };
		B98EDEC4285CDE9F00903646 /* Assets.xcassets */ = {isa = PBXFileReference; lastKnownFileType = folder.assetcatalog; path = Assets.xcassets; sourceTree = "<group>"; };
		B98EDEC7285CDE9F00903646 /* Base */ = {isa = PBXFileReference; lastKnownFileType = file.storyboard; name = Base; path = Base.lproj/LaunchScreen.storyboard; sourceTree = "<group>"; };
		B98EDEC9285CDE9F00903646 /* Info.plist */ = {isa = PBXFileReference; lastKnownFileType = text.plist.xml; path = Info.plist; sourceTree = "<group>"; };
		B98EDECE285CDE9F00903646 /* AutoLayoutTests.xctest */ = {isa = PBXFileReference; explicitFileType = wrapper.cfbundle; includeInIndex = 0; path = AutoLayoutTests.xctest; sourceTree = BUILT_PRODUCTS_DIR; };
		B98EDED2285CDE9F00903646 /* AutoLayoutTests.swift */ = {isa = PBXFileReference; lastKnownFileType = sourcecode.swift; path = AutoLayoutTests.swift; sourceTree = "<group>"; };
		B98EDED8285CDE9F00903646 /* AutoLayoutUITests.xctest */ = {isa = PBXFileReference; explicitFileType = wrapper.cfbundle; includeInIndex = 0; path = AutoLayoutUITests.xctest; sourceTree = BUILT_PRODUCTS_DIR; };
		B98EDEDC285CDE9F00903646 /* AutoLayoutUITests.swift */ = {isa = PBXFileReference; lastKnownFileType = sourcecode.swift; path = AutoLayoutUITests.swift; sourceTree = "<group>"; };
		B98EDEDE285CDE9F00903646 /* AutoLayoutUITestsLaunchTests.swift */ = {isa = PBXFileReference; lastKnownFileType = sourcecode.swift; path = AutoLayoutUITestsLaunchTests.swift; sourceTree = "<group>"; };
/* End PBXFileReference section */

/* Begin PBXFrameworksBuildPhase section */
		B98EDEB2285CDE9D00903646 /* Frameworks */ = {
			isa = PBXFrameworksBuildPhase;
			buildActionMask = 2147483647;
			files = (
			);
			runOnlyForDeploymentPostprocessing = 0;
		};
		B98EDECB285CDE9F00903646 /* Frameworks */ = {
			isa = PBXFrameworksBuildPhase;
			buildActionMask = 2147483647;
			files = (
			);
			runOnlyForDeploymentPostprocessing = 0;
		};
		B98EDED5285CDE9F00903646 /* Frameworks */ = {
			isa = PBXFrameworksBuildPhase;
			buildActionMask = 2147483647;
			files = (
			);
			runOnlyForDeploymentPostprocessing = 0;
		};
/* End PBXFrameworksBuildPhase section */

/* Begin PBXGroup section */
		B98EDEAC285CDE9D00903646 = {
			isa = PBXGroup;
			children = (
				B98EDEB7285CDE9D00903646 /* AutoLayout */,
				B98EDED1285CDE9F00903646 /* AutoLayoutTests */,
				B98EDEDB285CDE9F00903646 /* AutoLayoutUITests */,
				B98EDEB6285CDE9D00903646 /* Products */,
			);
			sourceTree = "<group>";
		};
		B98EDEB6285CDE9D00903646 /* Products */ = {
			isa = PBXGroup;
			children = (
				B98EDEB5285CDE9D00903646 /* AutoLayout.app */,
				B98EDECE285CDE9F00903646 /* AutoLayoutTests.xctest */,
				B98EDED8285CDE9F00903646 /* AutoLayoutUITests.xctest */,
			);
			name = Products;
			sourceTree = "<group>";
		};
		B98EDEB7285CDE9D00903646 /* AutoLayout */ = {
			isa = PBXGroup;
			children = (
				B98EDEB8285CDE9D00903646 /* AppDelegate.swift */,
				B98EDEBA285CDE9D00903646 /* SceneDelegate.swift */,
				B98EDEBC285CDE9D00903646 /* ViewController.swift */,
				B98EDEBE285CDE9D00903646 /* Main.storyboard */,
				B98EDEC4285CDE9F00903646 /* Assets.xcassets */,
				B98EDEC6285CDE9F00903646 /* LaunchScreen.storyboard */,
				B98EDEC9285CDE9F00903646 /* Info.plist */,
				B98EDEC1285CDE9D00903646 /* AutoLayout.xcdatamodeld */,
			);
			path = AutoLayout;
			sourceTree = "<group>";
		};
		B98EDED1285CDE9F00903646 /* AutoLayoutTests */ = {
			isa = PBXGroup;
			children = (
				B98EDED2285CDE9F00903646 /* AutoLayoutTests.swift */,
			);
			path = AutoLayoutTests;
			sourceTree = "<group>";
		};
		B98EDEDB285CDE9F00903646 /* AutoLayoutUITests */ = {
			isa = PBXGroup;
			children = (
				B98EDEDC285CDE9F00903646 /* AutoLayoutUITests.swift */,
				B98EDEDE285CDE9F00903646 /* AutoLayoutUITestsLaunchTests.swift */,
			);
			path = AutoLayoutUITests;
			sourceTree = "<group>";
		};
/* End PBXGroup section */

/* Begin PBXNativeTarget section */
		B98EDEB4285CDE9D00903646 /* AutoLayout */ = {
			isa = PBXNativeTarget;
			buildConfigurationList = B98EDEE2285CDE9F00903646 /* Build configuration list for PBXNativeTarget "AutoLayout" */;
			buildPhases = (
				B98EDEB1285CDE9D00903646 /* Sources */,
				B98EDEB2285CDE9D00903646 /* Frameworks */,
				B98EDEB3285CDE9D00903646 /* Resources */,
			);
			buildRules = (
			);
			dependencies = (
			);
			name = AutoLayout;
			productName = AutoLayout;
			productReference = B98EDEB5285CDE9D00903646 /* AutoLayout.app */;
			productType = "com.apple.product-type.application";
		};
		B98EDECD285CDE9F00903646 /* AutoLayoutTests */ = {
			isa = PBXNativeTarget;
			buildConfigurationList = B98EDEE5285CDE9F00903646 /* Build configuration list for PBXNativeTarget "AutoLayoutTests" */;
			buildPhases = (
				B98EDECA285CDE9F00903646 /* Sources */,
				B98EDECB285CDE9F00903646 /* Frameworks */,
				B98EDECC285CDE9F00903646 /* Resources */,
			);
			buildRules = (
			);
			dependencies = (
				B98EDED0285CDE9F00903646 /* PBXTargetDependency */,
			);
			name = AutoLayoutTests;
			productName = AutoLayoutTests;
			productReference = B98EDECE285CDE9F00903646 /* AutoLayoutTests.xctest */;
			productType = "com.apple.product-type.bundle.unit-test";
		};
		B98EDED7285CDE9F00903646 /* AutoLayoutUITests */ = {
			isa = PBXNativeTarget;
			buildConfigurationList = B98EDEE8285CDE9F00903646 /* Build configuration list for PBXNativeTarget "AutoLayoutUITests" */;
			buildPhases = (
				B98EDED4285CDE9F00903646 /* Sources */,
				B98EDED5285CDE9F00903646 /* Frameworks */,
				B98EDED6285CDE9F00903646 /* Resources */,
			);
			buildRules = (
			);
			dependencies = (
				B98EDEDA285CDE9F00903646 /* PBXTargetDependency */,
			);
			name = AutoLayoutUITests;
			productName = AutoLayoutUITests;
			productReference = B98EDED8285CDE9F00903646 /* AutoLayoutUITests.xctest */;
			productType = "com.apple.product-type.bundle.ui-testing";
		};
/* End PBXNativeTarget section */

/* Begin PBXProject section */
		B98EDEAD285CDE9D00903646 /* Project object */ = {
			isa = PBXProject;
			attributes = {
				BuildIndependentTargetsInParallel = 1;
				LastSwiftUpdateCheck = 1320;
				LastUpgradeCheck = 1320;
				TargetAttributes = {
					B98EDEB4285CDE9D00903646 = {
						CreatedOnToolsVersion = 13.2.1;
					};
					B98EDECD285CDE9F00903646 = {
						CreatedOnToolsVersion = 13.2.1;
						TestTargetID = B98EDEB4285CDE9D00903646;
					};
					B98EDED7285CDE9F00903646 = {
						CreatedOnToolsVersion = 13.2.1;
						TestTargetID = B98EDEB4285CDE9D00903646;
					};
				};
			};
			buildConfigurationList = B98EDEB0285CDE9D00903646 /* Build configuration list for PBXProject "AutoLayout" */;
			compatibilityVersion = "Xcode 13.0";
			developmentRegion = en;
			hasScannedForEncodings = 0;
			knownRegions = (
				en,
				Base,
			);
			mainGroup = B98EDEAC285CDE9D00903646;
			productRefGroup = B98EDEB6285CDE9D00903646 /* Products */;
			projectDirPath = "";
			projectRoot = "";
			targets = (
				B98EDEB4285CDE9D00903646 /* AutoLayout */,
				B98EDECD285CDE9F00903646 /* AutoLayoutTests */,
				B98EDED7285CDE9F00903646 /* AutoLayoutUITests */,
			);
		};
/* End PBXProject section */

/* Begin PBXResourcesBuildPhase section */
		B98EDEB3285CDE9D00903646 /* Resources */ = {
			isa = PBXResourcesBuildPhase;
			buildActionMask = 2147483647;
			files = (
				B98EDEC8285CDE9F00903646 /* LaunchScreen.storyboard in Resources */,
				B98EDEC5285CDE9F00903646 /* Assets.xcassets in Resources */,
				B98EDEC0285CDE9D00903646 /* Main.storyboard in Resources */,
			);
			runOnlyForDeploymentPostprocessing = 0;
		};
		B98EDECC285CDE9F00903646 /* Resources */ = {
			isa = PBXResourcesBuildPhase;
			buildActionMask = 2147483647;
			files = (
			);
			runOnlyForDeploymentPostprocessing = 0;
		};
		B98EDED6285CDE9F00903646 /* Resources */ = {
			isa = PBXResourcesBuildPhase;
			buildActionMask = 2147483647;
			files = (
			);
			runOnlyForDeploymentPostprocessing = 0;
		};
/* End PBXResourcesBuildPhase section */

/* Begin PBXSourcesBuildPhase section */
		B98EDEB1285CDE9D00903646 /* Sources */ = {
			isa = PBXSourcesBuildPhase;
			buildActionMask = 2147483647;
			files = (
				B98EDEBD285CDE9D00903646 /* ViewController.swift in Sources */,
				B98EDEB9285CDE9D00903646 /* AppDelegate.swift in Sources */,
				B98EDEC3285CDE9D00903646 /* AutoLayout.xcdatamodeld in Sources */,
				B98EDEBB285CDE9D00903646 /* SceneDelegate.swift in Sources */,
			);
			runOnlyForDeploymentPostprocessing = 0;
		};
		B98EDECA285CDE9F00903646 /* Sources */ = {
			isa = PBXSourcesBuildPhase;
			buildActionMask = 2147483647;
			files = (
				B98EDED3285CDE9F00903646 /* AutoLayoutTests.swift in Sources */,
			);
			runOnlyForDeploymentPostprocessing = 0;
		};
		B98EDED4285CDE9F00903646 /* Sources */ = {
			isa = PBXSourcesBuildPhase;
			buildActionMask = 2147483647;
			files = (
				B98EDEDD285CDE9F00903646 /* AutoLayoutUITests.swift in Sources */,
				B98EDEDF285CDE9F00903646 /* AutoLayoutUITestsLaunchTests.swift in Sources */,
			);
			runOnlyForDeploymentPostprocessing = 0;
		};
/* End PBXSourcesBuildPhase section */

/* Begin PBXTargetDependency section */
		B98EDED0285CDE9F00903646 /* PBXTargetDependency */ = {
			isa = PBXTargetDependency;
			target = B98EDEB4285CDE9D00903646 /* AutoLayout */;
			targetProxy = B98EDECF285CDE9F00903646 /* PBXContainerItemProxy */;
		};
		B98EDEDA285CDE9F00903646 /* PBXTargetDependency */ = {
			isa = PBXTargetDependency;
			target = B98EDEB4285CDE9D00903646 /* AutoLayout */;
			targetProxy = B98EDED9285CDE9F00903646 /* PBXContainerItemProxy */;
		};
/* End PBXTargetDependency section */

/* Begin PBXVariantGroup section */
		B98EDEBE285CDE9D00903646 /* Main.storyboard */ = {
			isa = PBXVariantGroup;
			children = (
				B98EDEBF285CDE9D00903646 /* Base */,
			);
			name = Main.storyboard;
			sourceTree = "<group>";
		};
		B98EDEC6285CDE9F00903646 /* LaunchScreen.storyboard */ = {
			isa = PBXVariantGroup;
			children = (
				B98EDEC7285CDE9F00903646 /* Base */,
			);
			name = LaunchScreen.storyboard;
			sourceTree = "<group>";
		};
/* End PBXVariantGroup section */

/* Begin XCBuildConfiguration section */
		B98EDEE0285CDE9F00903646 /* Debug */ = {
			isa = XCBuildConfiguration;
			buildSettings = {
				ALWAYS_SEARCH_USER_PATHS = NO;
				CLANG_ANALYZER_NONNULL = YES;
				CLANG_ANALYZER_NUMBER_OBJECT_CONVERSION = YES_AGGRESSIVE;
				CLANG_CXX_LANGUAGE_STANDARD = "gnu++17";
				CLANG_CXX_LIBRARY = "libc++";
				CLANG_ENABLE_MODULES = YES;
				CLANG_ENABLE_OBJC_ARC = YES;
				CLANG_ENABLE_OBJC_WEAK = YES;
				CLANG_WARN_BLOCK_CAPTURE_AUTORELEASING = YES;
				CLANG_WARN_BOOL_CONVERSION = YES;
				CLANG_WARN_COMMA = YES;
				CLANG_WARN_CONSTANT_CONVERSION = YES;
				CLANG_WARN_DEPRECATED_OBJC_IMPLEMENTATIONS = YES;
				CLANG_WARN_DIRECT_OBJC_ISA_USAGE = YES_ERROR;
				CLANG_WARN_DOCUMENTATION_COMMENTS = YES;
				CLANG_WARN_EMPTY_BODY = YES;
				CLANG_WARN_ENUM_CONVERSION = YES;
				CLANG_WARN_INFINITE_RECURSION = YES;
				CLANG_WARN_INT_CONVERSION = YES;
				CLANG_WARN_NON_LITERAL_NULL_CONVERSION = YES;
				CLANG_WARN_OBJC_IMPLICIT_RETAIN_SELF = YES;
				CLANG_WARN_OBJC_LITERAL_CONVERSION = YES;
				CLANG_WARN_OBJC_ROOT_CLASS = YES_ERROR;
				CLANG_WARN_QUOTED_INCLUDE_IN_FRAMEWORK_HEADER = YES;
				CLANG_WARN_RANGE_LOOP_ANALYSIS = YES;
				CLANG_WARN_STRICT_PROTOTYPES = YES;
				CLANG_WARN_SUSPICIOUS_MOVE = YES;
				CLANG_WARN_UNGUARDED_AVAILABILITY = YES_AGGRESSIVE;
				CLANG_WARN_UNREACHABLE_CODE = YES;
				CLANG_WARN__DUPLICATE_METHOD_MATCH = YES;
				COPY_PHASE_STRIP = NO;
				DEBUG_INFORMATION_FORMAT = dwarf;
				ENABLE_STRICT_OBJC_MSGSEND = YES;
				ENABLE_TESTABILITY = YES;
				GCC_C_LANGUAGE_STANDARD = gnu11;
				GCC_DYNAMIC_NO_PIC = NO;
				GCC_NO_COMMON_BLOCKS = YES;
				GCC_OPTIMIZATION_LEVEL = 0;
				GCC_PREPROCESSOR_DEFINITIONS = (
					"DEBUG=1",
					"$(inherited)",
				);
				GCC_WARN_64_TO_32_BIT_CONVERSION = YES;
				GCC_WARN_ABOUT_RETURN_TYPE = YES_ERROR;
				GCC_WARN_UNDECLARED_SELECTOR = YES;
				GCC_WARN_UNINITIALIZED_AUTOS = YES_AGGRESSIVE;
				GCC_WARN_UNUSED_FUNCTION = YES;
				GCC_WARN_UNUSED_VARIABLE = YES;
				IPHONEOS_DEPLOYMENT_TARGET = 15.2;
				MTL_ENABLE_DEBUG_INFO = INCLUDE_SOURCE;
				MTL_FAST_MATH = YES;
				ONLY_ACTIVE_ARCH = YES;
				SDKROOT = iphoneos;
				SWIFT_ACTIVE_COMPILATION_CONDITIONS = DEBUG;
				SWIFT_OPTIMIZATION_LEVEL = "-Onone";
			};
			name = Debug;
		};
		B98EDEE1285CDE9F00903646 /* Release */ = {
			isa = XCBuildConfiguration;
			buildSettings = {
				ALWAYS_SEARCH_USER_PATHS = NO;
				CLANG_ANALYZER_NONNULL = YES;
				CLANG_ANALYZER_NUMBER_OBJECT_CONVERSION = YES_AGGRESSIVE;
				CLANG_CXX_LANGUAGE_STANDARD = "gnu++17";
				CLANG_CXX_LIBRARY = "libc++";
				CLANG_ENABLE_MODULES = YES;
				CLANG_ENABLE_OBJC_ARC = YES;
				CLANG_ENABLE_OBJC_WEAK = YES;
				CLANG_WARN_BLOCK_CAPTURE_AUTORELEASING = YES;
				CLANG_WARN_BOOL_CONVERSION = YES;
				CLANG_WARN_COMMA = YES;
				CLANG_WARN_CONSTANT_CONVERSION = YES;
				CLANG_WARN_DEPRECATED_OBJC_IMPLEMENTATIONS = YES;
				CLANG_WARN_DIRECT_OBJC_ISA_USAGE = YES_ERROR;
				CLANG_WARN_DOCUMENTATION_COMMENTS = YES;
				CLANG_WARN_EMPTY_BODY = YES;
				CLANG_WARN_ENUM_CONVERSION = YES;
				CLANG_WARN_INFINITE_RECURSION = YES;
				CLANG_WARN_INT_CONVERSION = YES;
				CLANG_WARN_NON_LITERAL_NULL_CONVERSION = YES;
				CLANG_WARN_OBJC_IMPLICIT_RETAIN_SELF = YES;
				CLANG_WARN_OBJC_LITERAL_CONVERSION = YES;
				CLANG_WARN_OBJC_ROOT_CLASS = YES_ERROR;
				CLANG_WARN_QUOTED_INCLUDE_IN_FRAMEWORK_HEADER = YES;
				CLANG_WARN_RANGE_LOOP_ANALYSIS = YES;
				CLANG_WARN_STRICT_PROTOTYPES = YES;
				CLANG_WARN_SUSPICIOUS_MOVE = YES;
				CLANG_WARN_UNGUARDED_AVAILABILITY = YES_AGGRESSIVE;
				CLANG_WARN_UNREACHABLE_CODE = YES;
				CLANG_WARN__DUPLICATE_METHOD_MATCH = YES;
				COPY_PHASE_STRIP = NO;
				DEBUG_INFORMATION_FORMAT = "dwarf-with-dsym";
				ENABLE_NS_ASSERTIONS = NO;
				ENABLE_STRICT_OBJC_MSGSEND = YES;
				GCC_C_LANGUAGE_STANDARD = gnu11;
				GCC_NO_COMMON_BLOCKS = YES;
				GCC_WARN_64_TO_32_BIT_CONVERSION = YES;
				GCC_WARN_ABOUT_RETURN_TYPE = YES_ERROR;
				GCC_WARN_UNDECLARED_SELECTOR = YES;
				GCC_WARN_UNINITIALIZED_AUTOS = YES_AGGRESSIVE;
				GCC_WARN_UNUSED_FUNCTION = YES;
				GCC_WARN_UNUSED_VARIABLE = YES;
				IPHONEOS_DEPLOYMENT_TARGET = 15.2;
				MTL_ENABLE_DEBUG_INFO = NO;
				MTL_FAST_MATH = YES;
				SDKROOT = iphoneos;
				SWIFT_COMPILATION_MODE = wholemodule;
				SWIFT_OPTIMIZATION_LEVEL = "-O";
				VALIDATE_PRODUCT = YES;
			};
			name = Release;
		};
		B98EDEE3285CDE9F00903646 /* Debug */ = {
			isa = XCBuildConfiguration;
			buildSettings = {
				ASSETCATALOG_COMPILER_APPICON_NAME = AppIcon;
				ASSETCATALOG_COMPILER_GLOBAL_ACCENT_COLOR_NAME = AccentColor;
				CODE_SIGN_STYLE = Automatic;
				CURRENT_PROJECT_VERSION = 1;
				GENERATE_INFOPLIST_FILE = YES;
				INFOPLIST_FILE = AutoLayout/Info.plist;
				INFOPLIST_KEY_UIApplicationSupportsIndirectInputEvents = YES;
				INFOPLIST_KEY_UILaunchStoryboardName = LaunchScreen;
				INFOPLIST_KEY_UIMainStoryboardFile = Main;
				INFOPLIST_KEY_UISupportedInterfaceOrientations_iPad = "UIInterfaceOrientationPortrait UIInterfaceOrientationPortraitUpsideDown UIInterfaceOrientationLandscapeLeft UIInterfaceOrientationLandscapeRight";
				INFOPLIST_KEY_UISupportedInterfaceOrientations_iPhone = "UIInterfaceOrientationPortrait UIInterfaceOrientationLandscapeLeft UIInterfaceOrientationLandscapeRight";
				LD_RUNPATH_SEARCH_PATHS = (
					"$(inherited)",
					"@executable_path/Frameworks",
				);
				MARKETING_VERSION = 1.0;
				PRODUCT_BUNDLE_IDENTIFIER = MAC.AutoLayout;
				PRODUCT_NAME = "$(TARGET_NAME)";
				SWIFT_EMIT_LOC_STRINGS = YES;
				SWIFT_VERSION = 5.0;
				TARGETED_DEVICE_FAMILY = "1,2";
			};
			name = Debug;
		};
		B98EDEE4285CDE9F00903646 /* Release */ = {
			isa = XCBuildConfiguration;
			buildSettings = {
				ASSETCATALOG_COMPILER_APPICON_NAME = AppIcon;
				ASSETCATALOG_COMPILER_GLOBAL_ACCENT_COLOR_NAME = AccentColor;
				CODE_SIGN_STYLE = Automatic;
				CURRENT_PROJECT_VERSION = 1;
				GENERATE_INFOPLIST_FILE = YES;
				INFOPLIST_FILE = AutoLayout/Info.plist;
				INFOPLIST_KEY_UIApplicationSupportsIndirectInputEvents = YES;
				INFOPLIST_KEY_UILaunchStoryboardName = LaunchScreen;
				INFOPLIST_KEY_UIMainStoryboardFile = Main;
				INFOPLIST_KEY_UISupportedInterfaceOrientations_iPad = "UIInterfaceOrientationPortrait UIInterfaceOrientationPortraitUpsideDown UIInterfaceOrientationLandscapeLeft UIInterfaceOrientationLandscapeRight";
				INFOPLIST_KEY_UISupportedInterfaceOrientations_iPhone = "UIInterfaceOrientationPortrait UIInterfaceOrientationLandscapeLeft UIInterfaceOrientationLandscapeRight";
				LD_RUNPATH_SEARCH_PATHS = (
					"$(inherited)",
					"@executable_path/Frameworks",
				);
				MARKETING_VERSION = 1.0;
				PRODUCT_BUNDLE_IDENTIFIER = MAC.AutoLayout;
				PRODUCT_NAME = "$(TARGET_NAME)";
				SWIFT_EMIT_LOC_STRINGS = YES;
				SWIFT_VERSION = 5.0;
				TARGETED_DEVICE_FAMILY = "1,2";
			};
			name = Release;
		};
		B98EDEE6285CDE9F00903646 /* Debug */ = {
			isa = XCBuildConfiguration;
			buildSettings = {
				ALWAYS_EMBED_SWIFT_STANDARD_LIBRARIES = YES;
				BUNDLE_LOADER = "$(TEST_HOST)";
				CODE_SIGN_STYLE = Automatic;
				CURRENT_PROJECT_VERSION = 1;
				GENERATE_INFOPLIST_FILE = YES;
				IPHONEOS_DEPLOYMENT_TARGET = 15.2;
				MARKETING_VERSION = 1.0;
				PRODUCT_BUNDLE_IDENTIFIER = MAC.AutoLayoutTests;
				PRODUCT_NAME = "$(TARGET_NAME)";
				SWIFT_EMIT_LOC_STRINGS = NO;
				SWIFT_VERSION = 5.0;
				TARGETED_DEVICE_FAMILY = "1,2";
				TEST_HOST = "$(BUILT_PRODUCTS_DIR)/AutoLayout.app/AutoLayout";
			};
			name = Debug;
		};
		B98EDEE7285CDE9F00903646 /* Release */ = {
			isa = XCBuildConfiguration;
			buildSettings = {
				ALWAYS_EMBED_SWIFT_STANDARD_LIBRARIES = YES;
				BUNDLE_LOADER = "$(TEST_HOST)";
				CODE_SIGN_STYLE = Automatic;
				CURRENT_PROJECT_VERSION = 1;
				GENERATE_INFOPLIST_FILE = YES;
				IPHONEOS_DEPLOYMENT_TARGET = 15.2;
				MARKETING_VERSION = 1.0;
				PRODUCT_BUNDLE_IDENTIFIER = MAC.AutoLayoutTests;
				PRODUCT_NAME = "$(TARGET_NAME)";
				SWIFT_EMIT_LOC_STRINGS = NO;
				SWIFT_VERSION = 5.0;
				TARGETED_DEVICE_FAMILY = "1,2";
				TEST_HOST = "$(BUILT_PRODUCTS_DIR)/AutoLayout.app/AutoLayout";
			};
			name = Release;
		};
		B98EDEE9285CDE9F00903646 /* Debug */ = {
			isa = XCBuildConfiguration;
			buildSettings = {
				ALWAYS_EMBED_SWIFT_STANDARD_LIBRARIES = YES;
				CODE_SIGN_STYLE = Automatic;
				CURRENT_PROJECT_VERSION = 1;
				GENERATE_INFOPLIST_FILE = YES;
				MARKETING_VERSION = 1.0;
				PRODUCT_BUNDLE_IDENTIFIER = MAC.AutoLayoutUITests;
				PRODUCT_NAME = "$(TARGET_NAME)";
				SWIFT_EMIT_LOC_STRINGS = NO;
				SWIFT_VERSION = 5.0;
				TARGETED_DEVICE_FAMILY = "1,2";
				TEST_TARGET_NAME = AutoLayout;
			};
			name = Debug;
		};
		B98EDEEA285CDE9F00903646 /* Release */ = {
			isa = XCBuildConfiguration;
			buildSettings = {
				ALWAYS_EMBED_SWIFT_STANDARD_LIBRARIES = YES;
				CODE_SIGN_STYLE = Automatic;
				CURRENT_PROJECT_VERSION = 1;
				GENERATE_INFOPLIST_FILE = YES;
				MARKETING_VERSION = 1.0;
				PRODUCT_BUNDLE_IDENTIFIER = MAC.AutoLayoutUITests;
				PRODUCT_NAME = "$(TARGET_NAME)";
				SWIFT_EMIT_LOC_STRINGS = NO;
				SWIFT_VERSION = 5.0;
				TARGETED_DEVICE_FAMILY = "1,2";
				TEST_TARGET_NAME = AutoLayout;
			};
			name = Release;
		};
/* End XCBuildConfiguration section */

/* Begin XCConfigurationList section */
		B98EDEB0285CDE9D00903646 /* Build configuration list for PBXProject "AutoLayout" */ = {
			isa = XCConfigurationList;
			buildConfigurations = (
				B98EDEE0285CDE9F00903646 /* Debug */,
				B98EDEE1285CDE9F00903646 /* Release */,
			);
			defaultConfigurationIsVisible = 0;
			defaultConfigurationName = Release;
		};
		B98EDEE2285CDE9F00903646 /* Build configuration list for PBXNativeTarget "AutoLayout" */ = {
			isa = XCConfigurationList;
			buildConfigurations = (
				B98EDEE3285CDE9F00903646 /* Debug */,
				B98EDEE4285CDE9F00903646 /* Release */,
			);
			defaultConfigurationIsVisible = 0;
			defaultConfigurationName = Release;
		};
		B98EDEE5285CDE9F00903646 /* Build configuration list for PBXNativeTarget "AutoLayoutTests" */ = {
			isa = XCConfigurationList;
			buildConfigurations = (
				B98EDEE6285CDE9F00903646 /* Debug */,
				B98EDEE7285CDE9F00903646 /* Release */,
			);
			defaultConfigurationIsVisible = 0;
			defaultConfigurationName = Release;
		};
		B98EDEE8285CDE9F00903646 /* Build configuration list for PBXNativeTarget "AutoLayoutUITests" */ = {
			isa = XCConfigurationList;
			buildConfigurations = (
				B98EDEE9285CDE9F00903646 /* Debug */,
				B98EDEEA285CDE9F00903646 /* Release */,
			);
			defaultConfigurationIsVisible = 0;
			defaultConfigurationName = Release;
		};
/* End XCConfigurationList section */

/* Begin XCVersionGroup section */
		B98EDEC1285CDE9D00903646 /* AutoLayout.xcdatamodeld */ = {
			isa = XCVersionGroup;
			children = (
				B98EDEC2285CDE9D00903646 /* AutoLayout.xcdatamodel */,
			);
			currentVersion = B98EDEC2285CDE9D00903646 /* AutoLayout.xcdatamodel */;
			path = AutoLayout.xcdatamodeld;
			sourceTree = "<group>";
			versionGroupType = wrapper.xcdatamodel;
		};
/* End XCVersionGroup section */
	};
	rootObject = B98EDEAD285CDE9D00903646 /* Project object */;
}
